// !$*UTF8*$!
{
	archiveVersion = 1;
	classes = {
	};
	objectVersion = 46;
	objects = {

/* Begin PBXBuildFile section */
		8F845C011BC55A8A0074D56E /* SDWebImage_translateTo_ChineseTests.m in Sources */ = {isa = PBXBuildFile; fileRef = 8F845C001BC55A8A0074D56E /* SDWebImage_translateTo_ChineseTests.m */; };
		8F845C0C1BC55A8A0074D56E /* SDWebImage_translateTo_ChineseUITests.m in Sources */ = {isa = PBXBuildFile; fileRef = 8F845C0B1BC55A8A0074D56E /* SDWebImage_translateTo_ChineseUITests.m */; };
		8F845C711BC55E600074D56E /* SDImageCache.m in Sources */ = {isa = PBXBuildFile; fileRef = 8F845C4E1BC55E600074D56E /* SDImageCache.m */; settings = {ASSET_TAGS = (); }; };
		8F845C721BC55E600074D56E /* MKAnnotationView+WebCache.m in Sources */ = {isa = PBXBuildFile; fileRef = 8F845C511BC55E600074D56E /* MKAnnotationView+WebCache.m */; settings = {ASSET_TAGS = (); }; };
		8F845C731BC55E600074D56E /* NSData+ImageContentType.m in Sources */ = {isa = PBXBuildFile; fileRef = 8F845C531BC55E600074D56E /* NSData+ImageContentType.m */; settings = {ASSET_TAGS = (); }; };
		8F845C741BC55E600074D56E /* UIButton+WebCache.m in Sources */ = {isa = PBXBuildFile; fileRef = 8F845C551BC55E600074D56E /* UIButton+WebCache.m */; settings = {ASSET_TAGS = (); }; };
		8F845C751BC55E600074D56E /* UIImage+GIF.m in Sources */ = {isa = PBXBuildFile; fileRef = 8F845C571BC55E600074D56E /* UIImage+GIF.m */; settings = {ASSET_TAGS = (); }; };
		8F845C761BC55E600074D56E /* UIImage+MultiFormat.m in Sources */ = {isa = PBXBuildFile; fileRef = 8F845C591BC55E600074D56E /* UIImage+MultiFormat.m */; settings = {ASSET_TAGS = (); }; };
		8F845C771BC55E600074D56E /* UIImage+WebP.m in Sources */ = {isa = PBXBuildFile; fileRef = 8F845C5B1BC55E600074D56E /* UIImage+WebP.m */; settings = {ASSET_TAGS = (); }; };
		8F845C781BC55E600074D56E /* UIImageView+HighlightedWebCache.m in Sources */ = {isa = PBXBuildFile; fileRef = 8F845C5D1BC55E600074D56E /* UIImageView+HighlightedWebCache.m */; settings = {ASSET_TAGS = (); }; };
		8F845C791BC55E600074D56E /* UIImageView+WebCache.m in Sources */ = {isa = PBXBuildFile; fileRef = 8F845C5F1BC55E600074D56E /* UIImageView+WebCache.m */; settings = {ASSET_TAGS = (); }; };
		8F845C7A1BC55E600074D56E /* UIView+WebCacheOperation.m in Sources */ = {isa = PBXBuildFile; fileRef = 8F845C611BC55E600074D56E /* UIView+WebCacheOperation.m */; settings = {ASSET_TAGS = (); }; };
		8F845C7B1BC55E600074D56E /* SDWebImageDownloader.m in Sources */ = {isa = PBXBuildFile; fileRef = 8F845C641BC55E600074D56E /* SDWebImageDownloader.m */; settings = {ASSET_TAGS = (); }; };
		8F845C7C1BC55E600074D56E /* SDWebImageDownloaderOperation.m in Sources */ = {isa = PBXBuildFile; fileRef = 8F845C661BC55E600074D56E /* SDWebImageDownloaderOperation.m */; settings = {ASSET_TAGS = (); }; };
		8F845C7D1BC55E600074D56E /* SDWebImageCompat.m in Sources */ = {isa = PBXBuildFile; fileRef = 8F845C681BC55E600074D56E /* SDWebImageCompat.m */; settings = {ASSET_TAGS = (); }; };
		8F845C7E1BC55E600074D56E /* SDWebImageDecoder.m in Sources */ = {isa = PBXBuildFile; fileRef = 8F845C6C1BC55E600074D56E /* SDWebImageDecoder.m */; settings = {ASSET_TAGS = (); }; };
		8F845C7F1BC55E600074D56E /* SDWebImageManager.m in Sources */ = {isa = PBXBuildFile; fileRef = 8F845C6E1BC55E600074D56E /* SDWebImageManager.m */; settings = {ASSET_TAGS = (); }; };
		8F845C801BC55E600074D56E /* SDWebImagePrefetcher.m in Sources */ = {isa = PBXBuildFile; fileRef = 8F845C701BC55E600074D56E /* SDWebImagePrefetcher.m */; settings = {ASSET_TAGS = (); }; };
/* End PBXBuildFile section */

/* Begin PBXContainerItemProxy section */
		8F845BFD1BC55A8A0074D56E /* PBXContainerItemProxy */ = {
			isa = PBXContainerItemProxy;
			containerPortal = 8F845BDB1BC55A8A0074D56E /* Project object */;
			proxyType = 1;
			remoteGlobalIDString = 8F845BE21BC55A8A0074D56E;
			remoteInfo = "SDWebImage-translateTo-Chinese";
		};
		8F845C081BC55A8A0074D56E /* PBXContainerItemProxy */ = {
			isa = PBXContainerItemProxy;
			containerPortal = 8F845BDB1BC55A8A0074D56E /* Project object */;
			proxyType = 1;
			remoteGlobalIDString = 8F845BE21BC55A8A0074D56E;
			remoteInfo = "SDWebImage-translateTo-Chinese";
		};
/* End PBXContainerItemProxy section */

/* Begin PBXFileReference section */
		8F845BE31BC55A8A0074D56E /* SDWebImage-translateTo-Chinese.app */ = {isa = PBXFileReference; explicitFileType = wrapper.application; includeInIndex = 0; path = "SDWebImage-translateTo-Chinese.app"; sourceTree = BUILT_PRODUCTS_DIR; };
		8F845BFC1BC55A8A0074D56E /* SDWebImage-translateTo-ChineseTests.xctest */ = {isa = PBXFileReference; explicitFileType = wrapper.cfbundle; includeInIndex = 0; path = "SDWebImage-translateTo-ChineseTests.xctest"; sourceTree = BUILT_PRODUCTS_DIR; };
		8F845C001BC55A8A0074D56E /* SDWebImage_translateTo_ChineseTests.m */ = {isa = PBXFileReference; lastKnownFileType = sourcecode.c.objc; path = SDWebImage_translateTo_ChineseTests.m; sourceTree = "<group>"; };
		8F845C021BC55A8A0074D56E /* Info.plist */ = {isa = PBXFileReference; lastKnownFileType = text.plist.xml; path = Info.plist; sourceTree = "<group>"; };
		8F845C071BC55A8A0074D56E /* SDWebImage-translateTo-ChineseUITests.xctest */ = {isa = PBXFileReference; explicitFileType = wrapper.cfbundle; includeInIndex = 0; path = "SDWebImage-translateTo-ChineseUITests.xctest"; sourceTree = BUILT_PRODUCTS_DIR; };
		8F845C0B1BC55A8A0074D56E /* SDWebImage_translateTo_ChineseUITests.m */ = {isa = PBXFileReference; lastKnownFileType = sourcecode.c.objc; path = SDWebImage_translateTo_ChineseUITests.m; sourceTree = "<group>"; };
		8F845C0D1BC55A8A0074D56E /* Info.plist */ = {isa = PBXFileReference; lastKnownFileType = text.plist.xml; path = Info.plist; sourceTree = "<group>"; };
		8F845C4D1BC55E600074D56E /* SDImageCache.h */ = {isa = PBXFileReference; fileEncoding = 4; lastKnownFileType = sourcecode.c.h; path = SDImageCache.h; sourceTree = "<group>"; };
		8F845C4E1BC55E600074D56E /* SDImageCache.m */ = {isa = PBXFileReference; fileEncoding = 4; lastKnownFileType = sourcecode.c.objc; path = SDImageCache.m; sourceTree = "<group>"; };
		8F845C501BC55E600074D56E /* MKAnnotationView+WebCache.h */ = {isa = PBXFileReference; fileEncoding = 4; lastKnownFileType = sourcecode.c.h; path = "MKAnnotationView+WebCache.h"; sourceTree = "<group>"; };
		8F845C511BC55E600074D56E /* MKAnnotationView+WebCache.m */ = {isa = PBXFileReference; fileEncoding = 4; lastKnownFileType = sourcecode.c.objc; path = "MKAnnotationView+WebCache.m"; sourceTree = "<group>"; };
		8F845C521BC55E600074D56E /* NSData+ImageContentType.h */ = {isa = PBXFileReference; fileEncoding = 4; lastKnownFileType = sourcecode.c.h; path = "NSData+ImageContentType.h"; sourceTree = "<group>"; };
		8F845C531BC55E600074D56E /* NSData+ImageContentType.m */ = {isa = PBXFileReference; fileEncoding = 4; lastKnownFileType = sourcecode.c.objc; path = "NSData+ImageContentType.m"; sourceTree = "<group>"; };
		8F845C541BC55E600074D56E /* UIButton+WebCache.h */ = {isa = PBXFileReference; fileEncoding = 4; lastKnownFileType = sourcecode.c.h; path = "UIButton+WebCache.h"; sourceTree = "<group>"; };
		8F845C551BC55E600074D56E /* UIButton+WebCache.m */ = {isa = PBXFileReference; fileEncoding = 4; lastKnownFileType = sourcecode.c.objc; path = "UIButton+WebCache.m"; sourceTree = "<group>"; };
		8F845C561BC55E600074D56E /* UIImage+GIF.h */ = {isa = PBXFileReference; fileEncoding = 4; lastKnownFileType = sourcecode.c.h; path = "UIImage+GIF.h"; sourceTree = "<group>"; };
		8F845C571BC55E600074D56E /* UIImage+GIF.m */ = {isa = PBXFileReference; fileEncoding = 4; lastKnownFileType = sourcecode.c.objc; path = "UIImage+GIF.m"; sourceTree = "<group>"; };
		8F845C581BC55E600074D56E /* UIImage+MultiFormat.h */ = {isa = PBXFileReference; fileEncoding = 4; lastKnownFileType = sourcecode.c.h; path = "UIImage+MultiFormat.h"; sourceTree = "<group>"; };
		8F845C591BC55E600074D56E /* UIImage+MultiFormat.m */ = {isa = PBXFileReference; fileEncoding = 4; lastKnownFileType = sourcecode.c.objc; path = "UIImage+MultiFormat.m"; sourceTree = "<group>"; };
		8F845C5A1BC55E600074D56E /* UIImage+WebP.h */ = {isa = PBXFileReference; fileEncoding = 4; lastKnownFileType = sourcecode.c.h; path = "UIImage+WebP.h"; sourceTree = "<group>"; };
		8F845C5B1BC55E600074D56E /* UIImage+WebP.m */ = {isa = PBXFileReference; fileEncoding = 4; lastKnownFileType = sourcecode.c.objc; path = "UIImage+WebP.m"; sourceTree = "<group>"; };
		8F845C5C1BC55E600074D56E /* UIImageView+HighlightedWebCache.h */ = {isa = PBXFileReference; fileEncoding = 4; lastKnownFileType = sourcecode.c.h; path = "UIImageView+HighlightedWebCache.h"; sourceTree = "<group>"; };
		8F845C5D1BC55E600074D56E /* UIImageView+HighlightedWebCache.m */ = {isa = PBXFileReference; fileEncoding = 4; lastKnownFileType = sourcecode.c.objc; path = "UIImageView+HighlightedWebCache.m"; sourceTree = "<group>"; };
		8F845C5E1BC55E600074D56E /* UIImageView+WebCache.h */ = {isa = PBXFileReference; fileEncoding = 4; lastKnownFileType = sourcecode.c.h; path = "UIImageView+WebCache.h"; sourceTree = "<group>"; };
		8F845C5F1BC55E600074D56E /* UIImageView+WebCache.m */ = {isa = PBXFileReference; fileEncoding = 4; lastKnownFileType = sourcecode.c.objc; path = "UIImageView+WebCache.m"; sourceTree = "<group>"; };
		8F845C601BC55E600074D56E /* UIView+WebCacheOperation.h */ = {isa = PBXFileReference; fileEncoding = 4; lastKnownFileType = sourcecode.c.h; path = "UIView+WebCacheOperation.h"; sourceTree = "<group>"; };
		8F845C611BC55E600074D56E /* UIView+WebCacheOperation.m */ = {isa = PBXFileReference; fileEncoding = 4; lastKnownFileType = sourcecode.c.objc; path = "UIView+WebCacheOperation.m"; sourceTree = "<group>"; };
		8F845C631BC55E600074D56E /* SDWebImageDownloader.h */ = {isa = PBXFileReference; fileEncoding = 4; lastKnownFileType = sourcecode.c.h; path = SDWebImageDownloader.h; sourceTree = "<group>"; };
		8F845C641BC55E600074D56E /* SDWebImageDownloader.m */ = {isa = PBXFileReference; fileEncoding = 4; lastKnownFileType = sourcecode.c.objc; path = SDWebImageDownloader.m; sourceTree = "<group>"; };
		8F845C651BC55E600074D56E /* SDWebImageDownloaderOperation.h */ = {isa = PBXFileReference; fileEncoding = 4; lastKnownFileType = sourcecode.c.h; path = SDWebImageDownloaderOperation.h; sourceTree = "<group>"; };
		8F845C661BC55E600074D56E /* SDWebImageDownloaderOperation.m */ = {isa = PBXFileReference; fileEncoding = 4; lastKnownFileType = sourcecode.c.objc; path = SDWebImageDownloaderOperation.m; sourceTree = "<group>"; };
		8F845C671BC55E600074D56E /* SDWebImageCompat.h */ = {isa = PBXFileReference; fileEncoding = 4; lastKnownFileType = sourcecode.c.h; path = SDWebImageCompat.h; sourceTree = "<group>"; };
		8F845C681BC55E600074D56E /* SDWebImageCompat.m */ = {isa = PBXFileReference; fileEncoding = 4; lastKnownFileType = sourcecode.c.objc; path = SDWebImageCompat.m; sourceTree = "<group>"; };
		8F845C691BC55E600074D56E /* SDWebImageOperation.h */ = {isa = PBXFileReference; fileEncoding = 4; lastKnownFileType = sourcecode.c.h; path = SDWebImageOperation.h; sourceTree = "<group>"; };
		8F845C6B1BC55E600074D56E /* SDWebImageDecoder.h */ = {isa = PBXFileReference; fileEncoding = 4; lastKnownFileType = sourcecode.c.h; path = SDWebImageDecoder.h; sourceTree = "<group>"; };
		8F845C6C1BC55E600074D56E /* SDWebImageDecoder.m */ = {isa = PBXFileReference; fileEncoding = 4; lastKnownFileType = sourcecode.c.objc; path = SDWebImageDecoder.m; sourceTree = "<group>"; };
		8F845C6D1BC55E600074D56E /* SDWebImageManager.h */ = {isa = PBXFileReference; fileEncoding = 4; lastKnownFileType = sourcecode.c.h; path = SDWebImageManager.h; sourceTree = "<group>"; };
		8F845C6E1BC55E600074D56E /* SDWebImageManager.m */ = {isa = PBXFileReference; fileEncoding = 4; lastKnownFileType = sourcecode.c.objc; path = SDWebImageManager.m; sourceTree = "<group>"; };
		8F845C6F1BC55E600074D56E /* SDWebImagePrefetcher.h */ = {isa = PBXFileReference; fileEncoding = 4; lastKnownFileType = sourcecode.c.h; path = SDWebImagePrefetcher.h; sourceTree = "<group>"; };
		8F845C701BC55E600074D56E /* SDWebImagePrefetcher.m */ = {isa = PBXFileReference; fileEncoding = 4; lastKnownFileType = sourcecode.c.objc; path = SDWebImagePrefetcher.m; sourceTree = "<group>"; };
/* End PBXFileReference section */

/* Begin PBXFrameworksBuildPhase section */
		8F845BE01BC55A8A0074D56E /* Frameworks */ = {
			isa = PBXFrameworksBuildPhase;
			buildActionMask = 2147483647;
			files = (
			);
			runOnlyForDeploymentPostprocessing = 0;
		};
		8F845BF91BC55A8A0074D56E /* Frameworks */ = {
			isa = PBXFrameworksBuildPhase;
			buildActionMask = 2147483647;
			files = (
			);
			runOnlyForDeploymentPostprocessing = 0;
		};
		8F845C041BC55A8A0074D56E /* Frameworks */ = {
			isa = PBXFrameworksBuildPhase;
			buildActionMask = 2147483647;
			files = (
			);
			runOnlyForDeploymentPostprocessing = 0;
		};
/* End PBXFrameworksBuildPhase section */

/* Begin PBXGroup section */
		8F845BDA1BC55A8A0074D56E = {
			isa = PBXGroup;
			children = (
				8F845BE51BC55A8A0074D56E /* SDWebImage-translateTo-Chinese */,
				8F845BFF1BC55A8A0074D56E /* SDWebImage-translateTo-ChineseTests */,
				8F845C0A1BC55A8A0074D56E /* SDWebImage-translateTo-ChineseUITests */,
				8F845BE41BC55A8A0074D56E /* Products */,
			);
			sourceTree = "<group>";
		};
		8F845BE41BC55A8A0074D56E /* Products */ = {
			isa = PBXGroup;
			children = (
				8F845BE31BC55A8A0074D56E /* SDWebImage-translateTo-Chinese.app */,
				8F845BFC1BC55A8A0074D56E /* SDWebImage-translateTo-ChineseTests.xctest */,
				8F845C071BC55A8A0074D56E /* SDWebImage-translateTo-ChineseUITests.xctest */,
			);
			name = Products;
			sourceTree = "<group>";
		};
		8F845BE51BC55A8A0074D56E /* SDWebImage-translateTo-Chinese */ = {
			isa = PBXGroup;
			children = (
				8F845C4B1BC55E600074D56E /* SDWebImage */,
			);
			path = "SDWebImage-translateTo-Chinese";
			sourceTree = "<group>";
		};
		8F845BFF1BC55A8A0074D56E /* SDWebImage-translateTo-ChineseTests */ = {
			isa = PBXGroup;
			children = (
				8F845C001BC55A8A0074D56E /* SDWebImage_translateTo_ChineseTests.m */,
				8F845C021BC55A8A0074D56E /* Info.plist */,
			);
			path = "SDWebImage-translateTo-ChineseTests";
			sourceTree = "<group>";
		};
		8F845C0A1BC55A8A0074D56E /* SDWebImage-translateTo-ChineseUITests */ = {
			isa = PBXGroup;
			children = (
				8F845C0B1BC55A8A0074D56E /* SDWebImage_translateTo_ChineseUITests.m */,
				8F845C0D1BC55A8A0074D56E /* Info.plist */,
			);
			path = "SDWebImage-translateTo-ChineseUITests";
			sourceTree = "<group>";
		};
		8F845C4B1BC55E600074D56E /* SDWebImage */ = {
			isa = PBXGroup;
			children = (
				8F845C671BC55E600074D56E /* SDWebImageCompat.h */,
				8F845C681BC55E600074D56E /* SDWebImageCompat.m */,
				8F845C691BC55E600074D56E /* SDWebImageOperation.h */,
				8F845C621BC55E600074D56E /* Downloader(下载) */,
				8F845C4C1BC55E600074D56E /* Cache(缓存) */,
				8F845C6A1BC55E600074D56E /* Utils(工具) */,
				8F845C4F1BC55E600074D56E /* Categories(分类) */,
			);
			path = SDWebImage;
			sourceTree = "<group>";
		};
		8F845C4C1BC55E600074D56E /* Cache(缓存) */ = {
			isa = PBXGroup;
			children = (
				8F845C4D1BC55E600074D56E /* SDImageCache.h */,
				8F845C4E1BC55E600074D56E /* SDImageCache.m */,
			);
			path = "Cache(缓存)";
			sourceTree = "<group>";
		};
		8F845C4F1BC55E600074D56E /* Categories(分类) */ = {
			isa = PBXGroup;
			children = (
				8F845C501BC55E600074D56E /* MKAnnotationView+WebCache.h */,
				8F845C511BC55E600074D56E /* MKAnnotationView+WebCache.m */,
				8F845C521BC55E600074D56E /* NSData+ImageContentType.h */,
				8F845C531BC55E600074D56E /* NSData+ImageContentType.m */,
				8F845C541BC55E600074D56E /* UIButton+WebCache.h */,
				8F845C551BC55E600074D56E /* UIButton+WebCache.m */,
				8F845C561BC55E600074D56E /* UIImage+GIF.h */,
				8F845C571BC55E600074D56E /* UIImage+GIF.m */,
				8F845C581BC55E600074D56E /* UIImage+MultiFormat.h */,
				8F845C591BC55E600074D56E /* UIImage+MultiFormat.m */,
				8F845C5A1BC55E600074D56E /* UIImage+WebP.h */,
				8F845C5B1BC55E600074D56E /* UIImage+WebP.m */,
				8F845C5C1BC55E600074D56E /* UIImageView+HighlightedWebCache.h */,
				8F845C5D1BC55E600074D56E /* UIImageView+HighlightedWebCache.m */,
				8F845C5E1BC55E600074D56E /* UIImageView+WebCache.h */,
				8F845C5F1BC55E600074D56E /* UIImageView+WebCache.m */,
				8F845C601BC55E600074D56E /* UIView+WebCacheOperation.h */,
				8F845C611BC55E600074D56E /* UIView+WebCacheOperation.m */,
			);
			path = "Categories(分类)";
			sourceTree = "<group>";
		};
		8F845C621BC55E600074D56E /* Downloader(下载) */ = {
			isa = PBXGroup;
			children = (
				8F845C631BC55E600074D56E /* SDWebImageDownloader.h */,
				8F845C641BC55E600074D56E /* SDWebImageDownloader.m */,
				8F845C651BC55E600074D56E /* SDWebImageDownloaderOperation.h */,
				8F845C661BC55E600074D56E /* SDWebImageDownloaderOperation.m */,
			);
			path = "Downloader(下载)";
			sourceTree = "<group>";
		};
		8F845C6A1BC55E600074D56E /* Utils(工具) */ = {
			isa = PBXGroup;
			children = (
				8F845C6B1BC55E600074D56E /* SDWebImageDecoder.h */,
				8F845C6C1BC55E600074D56E /* SDWebImageDecoder.m */,
				8F845C6D1BC55E600074D56E /* SDWebImageManager.h */,
				8F845C6E1BC55E600074D56E /* SDWebImageManager.m */,
				8F845C6F1BC55E600074D56E /* SDWebImagePrefetcher.h */,
				8F845C701BC55E600074D56E /* SDWebImagePrefetcher.m */,
			);
			path = "Utils(工具)";
			sourceTree = "<group>";
		};
/* End PBXGroup section */

/* Begin PBXNativeTarget section */
		8F845BE21BC55A8A0074D56E /* SDWebImage-translateTo-Chinese */ = {
			isa = PBXNativeTarget;
			buildConfigurationList = 8F845C101BC55A8A0074D56E /* Build configuration list for PBXNativeTarget "SDWebImage-translateTo-Chinese" */;
			buildPhases = (
				8F845BDF1BC55A8A0074D56E /* Sources */,
				8F845BE01BC55A8A0074D56E /* Frameworks */,
				8F845BE11BC55A8A0074D56E /* Resources */,
			);
			buildRules = (
			);
			dependencies = (
			);
			name = "SDWebImage-translateTo-Chinese";
			productName = "SDWebImage-translateTo-Chinese";
			productReference = 8F845BE31BC55A8A0074D56E /* SDWebImage-translateTo-Chinese.app */;
			productType = "com.apple.product-type.application";
		};
		8F845BFB1BC55A8A0074D56E /* SDWebImage-translateTo-ChineseTests */ = {
			isa = PBXNativeTarget;
			buildConfigurationList = 8F845C131BC55A8A0074D56E /* Build configuration list for PBXNativeTarget "SDWebImage-translateTo-ChineseTests" */;
			buildPhases = (
				8F845BF81BC55A8A0074D56E /* Sources */,
				8F845BF91BC55A8A0074D56E /* Frameworks */,
				8F845BFA1BC55A8A0074D56E /* Resources */,
			);
			buildRules = (
			);
			dependencies = (
				8F845BFE1BC55A8A0074D56E /* PBXTargetDependency */,
			);
			name = "SDWebImage-translateTo-ChineseTests";
			productName = "SDWebImage-translateTo-ChineseTests";
			productReference = 8F845BFC1BC55A8A0074D56E /* SDWebImage-translateTo-ChineseTests.xctest */;
			productType = "com.apple.product-type.bundle.unit-test";
		};
		8F845C061BC55A8A0074D56E /* SDWebImage-translateTo-ChineseUITests */ = {
			isa = PBXNativeTarget;
			buildConfigurationList = 8F845C161BC55A8A0074D56E /* Build configuration list for PBXNativeTarget "SDWebImage-translateTo-ChineseUITests" */;
			buildPhases = (
				8F845C031BC55A8A0074D56E /* Sources */,
				8F845C041BC55A8A0074D56E /* Frameworks */,
				8F845C051BC55A8A0074D56E /* Resources */,
			);
			buildRules = (
			);
			dependencies = (
				8F845C091BC55A8A0074D56E /* PBXTargetDependency */,
			);
			name = "SDWebImage-translateTo-ChineseUITests";
			productName = "SDWebImage-translateTo-ChineseUITests";
			productReference = 8F845C071BC55A8A0074D56E /* SDWebImage-translateTo-ChineseUITests.xctest */;
			productType = "com.apple.product-type.bundle.ui-testing";
		};
/* End PBXNativeTarget section */

/* Begin PBXProject section */
		8F845BDB1BC55A8A0074D56E /* Project object */ = {
			isa = PBXProject;
			attributes = {
				LastUpgradeCheck = 0700;
				ORGANIZATIONNAME = CYX;
				TargetAttributes = {
					8F845BE21BC55A8A0074D56E = {
						CreatedOnToolsVersion = 7.0;
					};
					8F845BFB1BC55A8A0074D56E = {
						CreatedOnToolsVersion = 7.0;
						TestTargetID = 8F845BE21BC55A8A0074D56E;
					};
					8F845C061BC55A8A0074D56E = {
						CreatedOnToolsVersion = 7.0;
						TestTargetID = 8F845BE21BC55A8A0074D56E;
					};
				};
			};
			buildConfigurationList = 8F845BDE1BC55A8A0074D56E /* Build configuration list for PBXProject "SDWebImage-translateTo-Chinese" */;
			compatibilityVersion = "Xcode 3.2";
			developmentRegion = English;
			hasScannedForEncodings = 0;
			knownRegions = (
				en,
				Base,
			);
			mainGroup = 8F845BDA1BC55A8A0074D56E;
			productRefGroup = 8F845BE41BC55A8A0074D56E /* Products */;
			projectDirPath = "";
			projectRoot = "";
			targets = (
				8F845BE21BC55A8A0074D56E /* SDWebImage-translateTo-Chinese */,
				8F845BFB1BC55A8A0074D56E /* SDWebImage-translateTo-ChineseTests */,
				8F845C061BC55A8A0074D56E /* SDWebImage-translateTo-ChineseUITests */,
			);
		};
/* End PBXProject section */

/* Begin PBXResourcesBuildPhase section */
		8F845BE11BC55A8A0074D56E /* Resources */ = {
			isa = PBXResourcesBuildPhase;
			buildActionMask = 2147483647;
			files = (
			);
			runOnlyForDeploymentPostprocessing = 0;
		};
		8F845BFA1BC55A8A0074D56E /* Resources */ = {
			isa = PBXResourcesBuildPhase;
			buildActionMask = 2147483647;
			files = (
			);
			runOnlyForDeploymentPostprocessing = 0;
		};
		8F845C051BC55A8A0074D56E /* Resources */ = {
			isa = PBXResourcesBuildPhase;
			buildActionMask = 2147483647;
			files = (
			);
			runOnlyForDeploymentPostprocessing = 0;
		};
/* End PBXResourcesBuildPhase section */

/* Begin PBXSourcesBuildPhase section */
		8F845BDF1BC55A8A0074D56E /* Sources */ = {
			isa = PBXSourcesBuildPhase;
			buildActionMask = 2147483647;
			files = (
				8F845C7E1BC55E600074D56E /* SDWebImageDecoder.m in Sources */,
				8F845C801BC55E600074D56E /* SDWebImagePrefetcher.m in Sources */,
				8F845C711BC55E600074D56E /* SDImageCache.m in Sources */,
				8F845C741BC55E600074D56E /* UIButton+WebCache.m in Sources */,
				8F845C7A1BC55E600074D56E /* UIView+WebCacheOperation.m in Sources */,
				8F845C7B1BC55E600074D56E /* SDWebImageDownloader.m in Sources */,
				8F845C7D1BC55E600074D56E /* SDWebImageCompat.m in Sources */,
				8F845C781BC55E600074D56E /* UIImageView+HighlightedWebCache.m in Sources */,
				8F845C731BC55E600074D56E /* NSData+ImageContentType.m in Sources */,
				8F845C7C1BC55E600074D56E /* SDWebImageDownloaderOperation.m in Sources */,
				8F845C751BC55E600074D56E /* UIImage+GIF.m in Sources */,
				8F845C791BC55E600074D56E /* UIImageView+WebCache.m in Sources */,
				8F845C771BC55E600074D56E /* UIImage+WebP.m in Sources */,
				8F845C7F1BC55E600074D56E /* SDWebImageManager.m in Sources */,
				8F845C761BC55E600074D56E /* UIImage+MultiFormat.m in Sources */,
				8F845C721BC55E600074D56E /* MKAnnotationView+WebCache.m in Sources */,
			);
			runOnlyForDeploymentPostprocessing = 0;
		};
		8F845BF81BC55A8A0074D56E /* Sources */ = {
			isa = PBXSourcesBuildPhase;
			buildActionMask = 2147483647;
			files = (
				8F845C011BC55A8A0074D56E /* SDWebImage_translateTo_ChineseTests.m in Sources */,
			);
			runOnlyForDeploymentPostprocessing = 0;
		};
		8F845C031BC55A8A0074D56E /* Sources */ = {
			isa = PBXSourcesBuildPhase;
			buildActionMask = 2147483647;
			files = (
				8F845C0C1BC55A8A0074D56E /* SDWebImage_translateTo_ChineseUITests.m in Sources */,
			);
			runOnlyForDeploymentPostprocessing = 0;
		};
/* End PBXSourcesBuildPhase section */

/* Begin PBXTargetDependency section */
		8F845BFE1BC55A8A0074D56E /* PBXTargetDependency */ = {
			isa = PBXTargetDependency;
			target = 8F845BE21BC55A8A0074D56E /* SDWebImage-translateTo-Chinese */;
			targetProxy = 8F845BFD1BC55A8A0074D56E /* PBXContainerItemProxy */;
		};
		8F845C091BC55A8A0074D56E /* PBXTargetDependency */ = {
			isa = PBXTargetDependency;
			target = 8F845BE21BC55A8A0074D56E /* SDWebImage-translateTo-Chinese */;
			targetProxy = 8F845C081BC55A8A0074D56E /* PBXContainerItemProxy */;
		};
/* End PBXTargetDependency section */

/* Begin XCBuildConfiguration section */
		8F845C0E1BC55A8A0074D56E /* Debug */ = {
			isa = XCBuildConfiguration;
			buildSettings = {
				ALWAYS_SEARCH_USER_PATHS = NO;
				CLANG_CXX_LANGUAGE_STANDARD = "gnu++0x";
				CLANG_CXX_LIBRARY = "libc++";
				CLANG_ENABLE_MODULES = YES;
				CLANG_ENABLE_OBJC_ARC = YES;
				CLANG_WARN_BOOL_CONVERSION = YES;
				CLANG_WARN_CONSTANT_CONVERSION = YES;
				CLANG_WARN_DIRECT_OBJC_ISA_USAGE = YES_ERROR;
				CLANG_WARN_EMPTY_BODY = YES;
				CLANG_WARN_ENUM_CONVERSION = YES;
				CLANG_WARN_INT_CONVERSION = YES;
				CLANG_WARN_OBJC_ROOT_CLASS = YES_ERROR;
				CLANG_WARN_UNREACHABLE_CODE = YES;
				CLANG_WARN__DUPLICATE_METHOD_MATCH = YES;
				"CODE_SIGN_IDENTITY[sdk=iphoneos*]" = "iPhone Developer";
				COPY_PHASE_STRIP = NO;
				DEBUG_INFORMATION_FORMAT = dwarf;
				ENABLE_STRICT_OBJC_MSGSEND = YES;
				ENABLE_TESTABILITY = YES;
				GCC_C_LANGUAGE_STANDARD = gnu99;
				GCC_DYNAMIC_NO_PIC = NO;
				GCC_NO_COMMON_BLOCKS = YES;
				GCC_OPTIMIZATION_LEVEL = 0;
				GCC_PREPROCESSOR_DEFINITIONS = (
					"DEBUG=1",
					"$(inherited)",
				);
				GCC_WARN_64_TO_32_BIT_CONVERSION = YES;
				GCC_WARN_ABOUT_RETURN_TYPE = YES_ERROR;
				GCC_WARN_UNDECLARED_SELECTOR = YES;
				GCC_WARN_UNINITIALIZED_AUTOS = YES_AGGRESSIVE;
				GCC_WARN_UNUSED_FUNCTION = YES;
				GCC_WARN_UNUSED_VARIABLE = YES;
				IPHONEOS_DEPLOYMENT_TARGET = 9.0;
				MTL_ENABLE_DEBUG_INFO = YES;
				ONLY_ACTIVE_ARCH = YES;
				SDKROOT = iphoneos;
			};
			name = Debug;
		};
		8F845C0F1BC55A8A0074D56E /* Release */ = {
			isa = XCBuildConfiguration;
			buildSettings = {
				ALWAYS_SEARCH_USER_PATHS = NO;
				CLANG_CXX_LANGUAGE_STANDARD = "gnu++0x";
				CLANG_CXX_LIBRARY = "libc++";
				CLANG_ENABLE_MODULES = YES;
				CLANG_ENABLE_OBJC_ARC = YES;
				CLANG_WARN_BOOL_CONVERSION = YES;
				CLANG_WARN_CONSTANT_CONVERSION = YES;
				CLANG_WARN_DIRECT_OBJC_ISA_USAGE = YES_ERROR;
				CLANG_WARN_EMPTY_BODY = YES;
				CLANG_WARN_ENUM_CONVERSION = YES;
				CLANG_WARN_INT_CONVERSION = YES;
				CLANG_WARN_OBJC_ROOT_CLASS = YES_ERROR;
				CLANG_WARN_UNREACHABLE_CODE = YES;
				CLANG_WARN__DUPLICATE_METHOD_MATCH = YES;
				"CODE_SIGN_IDENTITY[sdk=iphoneos*]" = "iPhone Developer";
				COPY_PHASE_STRIP = NO;
				DEBUG_INFORMATION_FORMAT = "dwarf-with-dsym";
				ENABLE_NS_ASSERTIONS = NO;
				ENABLE_STRICT_OBJC_MSGSEND = YES;
				GCC_C_LANGUAGE_STANDARD = gnu99;
				GCC_NO_COMMON_BLOCKS = YES;
				GCC_WARN_64_TO_32_BIT_CONVERSION = YES;
				GCC_WARN_ABOUT_RETURN_TYPE = YES_ERROR;
				GCC_WARN_UNDECLARED_SELECTOR = YES;
				GCC_WARN_UNINITIALIZED_AUTOS = YES_AGGRESSIVE;
				GCC_WARN_UNUSED_FUNCTION = YES;
				GCC_WARN_UNUSED_VARIABLE = YES;
				IPHONEOS_DEPLOYMENT_TARGET = 9.0;
				MTL_ENABLE_DEBUG_INFO = NO;
				SDKROOT = iphoneos;
				VALIDATE_PRODUCT = YES;
			};
			name = Release;
		};
		8F845C111BC55A8A0074D56E /* Debug */ = {
			isa = XCBuildConfiguration;
			buildSettings = {
				ASSETCATALOG_COMPILER_APPICON_NAME = AppIcon;
				INFOPLIST_FILE = "SDWebImage-translateTo-Chinese/Info.plist";
				LD_RUNPATH_SEARCH_PATHS = "$(inherited) @executable_path/Frameworks";
				PRODUCT_BUNDLE_IDENTIFIER = "com.ioscyx.SDWebImage-translateTo-Chinese";
				PRODUCT_NAME = "$(TARGET_NAME)";
			};
			name = Debug;
		};
		8F845C121BC55A8A0074D56E /* Release */ = {
			isa = XCBuildConfiguration;
			buildSettings = {
				ASSETCATALOG_COMPILER_APPICON_NAME = AppIcon;
				INFOPLIST_FILE = "SDWebImage-translateTo-Chinese/Info.plist";
				LD_RUNPATH_SEARCH_PATHS = "$(inherited) @executable_path/Frameworks";
				PRODUCT_BUNDLE_IDENTIFIER = "com.ioscyx.SDWebImage-translateTo-Chinese";
				PRODUCT_NAME = "$(TARGET_NAME)";
			};
			name = Release;
		};
		8F845C141BC55A8A0074D56E /* Debug */ = {
			isa = XCBuildConfiguration;
			buildSettings = {
				BUNDLE_LOADER = "$(TEST_HOST)";
				INFOPLIST_FILE = "SDWebImage-translateTo-ChineseTests/Info.plist";
				LD_RUNPATH_SEARCH_PATHS = "$(inherited) @executable_path/Frameworks @loader_path/Frameworks";
				PRODUCT_BUNDLE_IDENTIFIER = "com.ioscyx.SDWebImage-translateTo-ChineseTests";
				PRODUCT_NAME = "$(TARGET_NAME)";
				TEST_HOST = "$(BUILT_PRODUCTS_DIR)/SDWebImage-translateTo-Chinese.app/SDWebImage-translateTo-Chinese";
			};
			name = Debug;
		};
		8F845C151BC55A8A0074D56E /* Release */ = {
			isa = XCBuildConfiguration;
			buildSettings = {
				BUNDLE_LOADER = "$(TEST_HOST)";
				INFOPLIST_FILE = "SDWebImage-translateTo-ChineseTests/Info.plist";
				LD_RUNPATH_SEARCH_PATHS = "$(inherited) @executable_path/Frameworks @loader_path/Frameworks";
				PRODUCT_BUNDLE_IDENTIFIER = "com.ioscyx.SDWebImage-translateTo-ChineseTests";
				PRODUCT_NAME = "$(TARGET_NAME)";
				TEST_HOST = "$(BUILT_PRODUCTS_DIR)/SDWebImage-translateTo-Chinese.app/SDWebImage-translateTo-Chinese";
			};
			name = Release;
		};
		8F845C171BC55A8A0074D56E /* Debug */ = {
			isa = XCBuildConfiguration;
			buildSettings = {
				INFOPLIST_FILE = "SDWebImage-translateTo-ChineseUITests/Info.plist";
				LD_RUNPATH_SEARCH_PATHS = "$(inherited) @executable_path/Frameworks @loader_path/Frameworks";
				PRODUCT_BUNDLE_IDENTIFIER = "com.ioscyx.SDWebImage-translateTo-ChineseUITests";
				PRODUCT_NAME = "$(TARGET_NAME)";
				TEST_TARGET_NAME = "SDWebImage-translateTo-Chinese";
				USES_XCTRUNNER = YES;
			};
			name = Debug;
		};
		8F845C181BC55A8A0074D56E /* Release */ = {
			isa = XCBuildConfiguration;
			buildSettings = {
				INFOPLIST_FILE = "SDWebImage-translateTo-ChineseUITests/Info.plist";
				LD_RUNPATH_SEARCH_PATHS = "$(inherited) @executable_path/Frameworks @loader_path/Frameworks";
				PRODUCT_BUNDLE_IDENTIFIER = "com.ioscyx.SDWebImage-translateTo-ChineseUITests";
				PRODUCT_NAME = "$(TARGET_NAME)";
				TEST_TARGET_NAME = "SDWebImage-translateTo-Chinese";
				USES_XCTRUNNER = YES;
			};
			name = Release;
		};
/* End XCBuildConfiguration section */

/* Begin XCConfigurationList section */
		8F845BDE1BC55A8A0074D56E /* Build configuration list for PBXProject "SDWebImage-translateTo-Chinese" */ = {
			isa = XCConfigurationList;
			buildConfigurations = (
				8F845C0E1BC55A8A0074D56E /* Debug */,
				8F845C0F1BC55A8A0074D56E /* Release */,
			);
			defaultConfigurationIsVisible = 0;
			defaultConfigurationName = Release;
		};
		8F845C101BC55A8A0074D56E /* Build configuration list for PBXNativeTarget "SDWebImage-translateTo-Chinese" */ = {
			isa = XCConfigurationList;
			buildConfigurations = (
				8F845C111BC55A8A0074D56E /* Debug */,
				8F845C121BC55A8A0074D56E /* Release */,
			);
			defaultConfigurationIsVisible = 0;
		};
		8F845C131BC55A8A0074D56E /* Build configuration list for PBXNativeTarget "SDWebImage-translateTo-ChineseTests" */ = {
			isa = XCConfigurationList;
			buildConfigurations = (
				8F845C141BC55A8A0074D56E /* Debug */,
				8F845C151BC55A8A0074D56E /* Release */,
			);
			defaultConfigurationIsVisible = 0;
		};
		8F845C161BC55A8A0074D56E /* Build configuration list for PBXNativeTarget "SDWebImage-translateTo-ChineseUITests" */ = {
			isa = XCConfigurationList;
			buildConfigurations = (
				8F845C171BC55A8A0074D56E /* Debug */,
				8F845C181BC55A8A0074D56E /* Release */,
			);
			defaultConfigurationIsVisible = 0;
		};
/* End XCConfigurationList section */
	};
	rootObject = 8F845BDB1BC55A8A0074D56E /* Project object */;
}
